
Microsoft Visual Studio Solution File, Format Version 12.00
# Visual Studio Version 17
VisualStudioVersion = 17.0.31912.275
MinimumVisualStudioVersion = 10.0.40219.1
Project("{FAE04EC0-301F-11D3-BF4B-00C04F79EFBC}") = "GUI", "GUI\GUI.csproj", "{DFE4781E-60EF-48BC-BFAB-0A5FA63015FF}"
EndProject
Project("{FAE04EC0-301F-11D3-BF4B-00C04F79EFBC}") = "Geometry", "Geometry\Geometry.csproj", "{EE6637F5-082D-4882-968D-EAA0341BF33D}"
EndProject
Project("{FAE04EC0-301F-11D3-BF4B-00C04F79EFBC}") = "IO", "IO\IO.csproj", "{7A1A64FD-46DA-4EF9-8527-67871DC2459B}"
EndProject
Project("{FAE04EC0-301F-11D3-BF4B-00C04F79EFBC}") = "Logic", "Logic\Logic.csproj", "{DD94866C-A3F1-435E-9914-ED7D8F28B79E}"
EndProject
Project("{FAE04EC0-301F-11D3-BF4B-00C04F79EFBC}") = "Test", "Test\Test.csproj", "{74D12304-23CA-44A7-8E5F-F6A83BED24BB}"
EndProject
Global
	GlobalSection(SolutionConfigurationPlatforms) = preSolution
		Debug|Any CPU = Debug|Any CPU
		Release|Any CPU = Release|Any CPU
	EndGlobalSection
	GlobalSection(ProjectConfigurationPlatforms) = postSolution
		{DFE4781E-60EF-48BC-BFAB-0A5FA63015FF}.Debug|Any CPU.ActiveCfg = Debug|Any CPU
		{DFE4781E-60EF-48BC-BFAB-0A5FA63015FF}.Debug|Any CPU.Build.0 = Debug|Any CPU
		{DFE4781E-60EF-48BC-BFAB-0A5FA63015FF}.Release|Any CPU.ActiveCfg = Release|Any CPU
		{DFE4781E-60EF-48BC-BFAB-0A5FA63015FF}.Release|Any CPU.Build.0 = Release|Any CPU
		{EE6637F5-082D-4882-968D-EAA0341BF33D}.Debug|Any CPU.ActiveCfg = Debug|Any CPU
		{EE6637F5-082D-4882-968D-EAA0341BF33D}.Debug|Any CPU.Build.0 = Debug|Any CPU
		{EE6637F5-082D-4882-968D-EAA0341BF33D}.Release|Any CPU.ActiveCfg = Release|Any CPU
		{EE6637F5-082D-4882-968D-EAA0341BF33D}.Release|Any CPU.Build.0 = Release|Any CPU
		{7A1A64FD-46DA-4EF9-8527-67871DC2459B}.Debug|Any CPU.ActiveCfg = Debug|Any CPU
		{7A1A64FD-46DA-4EF9-8527-67871DC2459B}.Debug|Any CPU.Build.0 = Debug|Any CPU
		{7A1A64FD-46DA-4EF9-8527-67871DC2459B}.Release|Any CPU.ActiveCfg = Release|Any CPU
		{7A1A64FD-46DA-4EF9-8527-67871DC2459B}.Release|Any CPU.Build.0 = Release|Any CPU
		{DD94866C-A3F1-435E-9914-ED7D8F28B79E}.Debug|Any CPU.ActiveCfg = Debug|Any CPU
		{DD94866C-A3F1-435E-9914-ED7D8F28B79E}.Debug|Any CPU.Build.0 = Debug|Any CPU
		{DD94866C-A3F1-435E-9914-ED7D8F28B79E}.Release|Any CPU.ActiveCfg = Release|Any CPU
		{DD94866C-A3F1-435E-9914-ED7D8F28B79E}.Release|Any CPU.Build.0 = Release|Any CPU
		{74D12304-23CA-44A7-8E5F-F6A83BED24BB}.Debug|Any CPU.ActiveCfg = Debug|Any CPU
		{74D12304-23CA-44A7-8E5F-F6A83BED24BB}.Debug|Any CPU.Build.0 = Debug|Any CPU
		{74D12304-23CA-44A7-8E5F-F6A83BED24BB}.Release|Any CPU.ActiveCfg = Release|Any CPU
		{74D12304-23CA-44A7-8E5F-F6A83BED24BB}.Release|Any CPU.Build.0 = Release|Any CPU
	EndGlobalSection
	GlobalSection(SolutionProperties) = preSolution
		HideSolutionNode = FALSE
	EndGlobalSection
	GlobalSection(ExtensibilityGlobals) = postSolution
		SolutionGuid = {106AAA71-C525-4D2F-860C-B4D3BBBF0C20}
	EndGlobalSection
EndGlobal
